// !$*UTF8*$!
{
	archiveVersion = 1;
	classes = {
	};
	objectVersion = 46;
	objects = {

/* Begin PBXBuildFile section */
		4D6DCB991BB8F84A0018B0FF /* AboutMeDetailsTableViewController.swift in Sources */ = {isa = PBXBuildFile; fileRef = 4D6DCB981BB8F84A0018B0FF /* AboutMeDetailsTableViewController.swift */; settings = {ASSET_TAGS = (); }; };
		4D6DCB9B1BB8FBDD0018B0FF /* AboutMeDetailTableViewCell.swift in Sources */ = {isa = PBXBuildFile; fileRef = 4D6DCB9A1BB8FBDD0018B0FF /* AboutMeDetailTableViewCell.swift */; settings = {ASSET_TAGS = (); }; };
		4D6DCB9E1BB8FC4D0018B0FF /* AboutMeDetail.swift in Sources */ = {isa = PBXBuildFile; fileRef = 4D6DCB9D1BB8FC4D0018B0FF /* AboutMeDetail.swift */; settings = {ASSET_TAGS = (); }; };
		4D6DCBA21BB8FE1F0018B0FF /* ContactDetail.swift in Sources */ = {isa = PBXBuildFile; fileRef = 4D6DCBA11BB8FE1F0018B0FF /* ContactDetail.swift */; settings = {ASSET_TAGS = (); }; };
		4D7484EA1BB90EA9005C4A90 /* RepositoryProvider.swift in Sources */ = {isa = PBXBuildFile; fileRef = 4D7484E91BB90EA9005C4A90 /* RepositoryProvider.swift */; settings = {ASSET_TAGS = (); }; };
		4D7484EC1BB91025005C4A90 /* ContactDetailsProvider.swift in Sources */ = {isa = PBXBuildFile; fileRef = 4D7484EB1BB91025005C4A90 /* ContactDetailsProvider.swift */; settings = {ASSET_TAGS = (); }; };
		4D7484EE1BB91246005C4A90 /* RepositoryDetail.swift in Sources */ = {isa = PBXBuildFile; fileRef = 4D7484ED1BB91246005C4A90 /* RepositoryDetail.swift */; settings = {ASSET_TAGS = (); }; };
		4D7484F01BB91A2F005C4A90 /* ConcreteRepositoryProvider.swift in Sources */ = {isa = PBXBuildFile; fileRef = 4D7484EF1BB91A2F005C4A90 /* ConcreteRepositoryProvider.swift */; settings = {ASSET_TAGS = (); }; };
		4D7484F21BB91A87005C4A90 /* ConcreteContactDetailsProvider.swift in Sources */ = {isa = PBXBuildFile; fileRef = 4D7484F11BB91A87005C4A90 /* ConcreteContactDetailsProvider.swift */; settings = {ASSET_TAGS = (); }; };
		4D76A7981BB97399000734DC /* AboutMeDetailAction.swift in Sources */ = {isa = PBXBuildFile; fileRef = 4D76A7971BB97399000734DC /* AboutMeDetailAction.swift */; settings = {ASSET_TAGS = (); }; };
		4DEB82551BB8CD0900F761C4 /* AppDelegate.swift in Sources */ = {isa = PBXBuildFile; fileRef = 4DEB82541BB8CD0900F761C4 /* AppDelegate.swift */; };
		4DEB825C1BB8CD0900F761C4 /* Main.storyboard in Resources */ = {isa = PBXBuildFile; fileRef = 4DEB825A1BB8CD0900F761C4 /* Main.storyboard */; };
		4DEB825E1BB8CD0900F761C4 /* Assets.xcassets in Resources */ = {isa = PBXBuildFile; fileRef = 4DEB825D1BB8CD0900F761C4 /* Assets.xcassets */; };
		4DEB82611BB8CD0900F761C4 /* LaunchScreen.storyboard in Resources */ = {isa = PBXBuildFile; fileRef = 4DEB825F1BB8CD0900F761C4 /* LaunchScreen.storyboard */; };
		4DEB826A1BB8CE7D00F761C4 /* AboutMeViewController.swift in Sources */ = {isa = PBXBuildFile; fileRef = 4DEB82691BB8CE7D00F761C4 /* AboutMeViewController.swift */; settings = {ASSET_TAGS = (); }; };
		782A35186552A2CFFF810557 /* Pods_Portfolio.framework in Frameworks */ = {isa = PBXBuildFile; fileRef = 9B458A350C4095E1364BCE25 /* Pods_Portfolio.framework */; settings = {ATTRIBUTES = (Weak, ); }; };
/* End PBXBuildFile section */

/* Begin PBXFileReference section */
		0F8889FC7928F8DCD3D6B807 /* Pods-Portfolio.release.xcconfig */ = {isa = PBXFileReference; includeInIndex = 1; lastKnownFileType = text.xcconfig; name = "Pods-Portfolio.release.xcconfig"; path = "Pods/Target Support Files/Pods-Portfolio/Pods-Portfolio.release.xcconfig"; sourceTree = "<group>"; };
		4D6DCB981BB8F84A0018B0FF /* AboutMeDetailsTableViewController.swift */ = {isa = PBXFileReference; fileEncoding = 4; lastKnownFileType = sourcecode.swift; path = AboutMeDetailsTableViewController.swift; sourceTree = "<group>"; };
		4D6DCB9A1BB8FBDD0018B0FF /* AboutMeDetailTableViewCell.swift */ = {isa = PBXFileReference; fileEncoding = 4; lastKnownFileType = sourcecode.swift; path = AboutMeDetailTableViewCell.swift; sourceTree = "<group>"; };
		4D6DCB9D1BB8FC4D0018B0FF /* AboutMeDetail.swift */ = {isa = PBXFileReference; fileEncoding = 4; lastKnownFileType = sourcecode.swift; path = AboutMeDetail.swift; sourceTree = "<group>"; };
		4D6DCBA11BB8FE1F0018B0FF /* ContactDetail.swift */ = {isa = PBXFileReference; fileEncoding = 4; lastKnownFileType = sourcecode.swift; path = ContactDetail.swift; sourceTree = "<group>"; };
		4D7484E91BB90EA9005C4A90 /* RepositoryProvider.swift */ = {isa = PBXFileReference; fileEncoding = 4; lastKnownFileType = sourcecode.swift; path = RepositoryProvider.swift; sourceTree = "<group>"; };
		4D7484EB1BB91025005C4A90 /* ContactDetailsProvider.swift */ = {isa = PBXFileReference; fileEncoding = 4; lastKnownFileType = sourcecode.swift; path = ContactDetailsProvider.swift; sourceTree = "<group>"; };
		4D7484ED1BB91246005C4A90 /* RepositoryDetail.swift */ = {isa = PBXFileReference; fileEncoding = 4; lastKnownFileType = sourcecode.swift; path = RepositoryDetail.swift; sourceTree = "<group>"; };
		4D7484EF1BB91A2F005C4A90 /* ConcreteRepositoryProvider.swift */ = {isa = PBXFileReference; fileEncoding = 4; lastKnownFileType = sourcecode.swift; path = ConcreteRepositoryProvider.swift; sourceTree = "<group>"; };
		4D7484F11BB91A87005C4A90 /* ConcreteContactDetailsProvider.swift */ = {isa = PBXFileReference; fileEncoding = 4; lastKnownFileType = sourcecode.swift; path = ConcreteContactDetailsProvider.swift; sourceTree = "<group>"; };
		4D76A7971BB97399000734DC /* AboutMeDetailAction.swift */ = {isa = PBXFileReference; fileEncoding = 4; lastKnownFileType = sourcecode.swift; path = AboutMeDetailAction.swift; sourceTree = "<group>"; };
		4DEB82511BB8CD0900F761C4 /* Portfolio.app */ = {isa = PBXFileReference; explicitFileType = wrapper.application; includeInIndex = 0; path = Portfolio.app; sourceTree = BUILT_PRODUCTS_DIR; };
		4DEB82541BB8CD0900F761C4 /* AppDelegate.swift */ = {isa = PBXFileReference; lastKnownFileType = sourcecode.swift; path = AppDelegate.swift; sourceTree = "<group>"; };
		4DEB825B1BB8CD0900F761C4 /* Base */ = {isa = PBXFileReference; lastKnownFileType = file.storyboard; name = Base; path = Base.lproj/Main.storyboard; sourceTree = "<group>"; };
		4DEB825D1BB8CD0900F761C4 /* Assets.xcassets */ = {isa = PBXFileReference; lastKnownFileType = folder.assetcatalog; path = Assets.xcassets; sourceTree = "<group>"; };
		4DEB82601BB8CD0900F761C4 /* Base */ = {isa = PBXFileReference; lastKnownFileType = file.storyboard; name = Base; path = Base.lproj/LaunchScreen.storyboard; sourceTree = "<group>"; };
		4DEB82621BB8CD0900F761C4 /* Info.plist */ = {isa = PBXFileReference; lastKnownFileType = text.plist.xml; path = Info.plist; sourceTree = "<group>"; };
		4DEB82691BB8CE7D00F761C4 /* AboutMeViewController.swift */ = {isa = PBXFileReference; fileEncoding = 4; lastKnownFileType = sourcecode.swift; path = AboutMeViewController.swift; sourceTree = "<group>"; };
		5847692BB606E3B6A4183D5B /* Pods-Portfolio.debug.xcconfig */ = {isa = PBXFileReference; includeInIndex = 1; lastKnownFileType = text.xcconfig; name = "Pods-Portfolio.debug.xcconfig"; path = "Pods/Target Support Files/Pods-Portfolio/Pods-Portfolio.debug.xcconfig"; sourceTree = "<group>"; };
		9B458A350C4095E1364BCE25 /* Pods_Portfolio.framework */ = {isa = PBXFileReference; explicitFileType = wrapper.framework; includeInIndex = 0; path = Pods_Portfolio.framework; sourceTree = BUILT_PRODUCTS_DIR; };
/* End PBXFileReference section */

/* Begin PBXFrameworksBuildPhase section */
		4DEB824E1BB8CD0900F761C4 /* Frameworks */ = {
			isa = PBXFrameworksBuildPhase;
			buildActionMask = 2147483647;
			files = (
				782A35186552A2CFFF810557 /* Pods_Portfolio.framework in Frameworks */,
			);
			runOnlyForDeploymentPostprocessing = 0;
		};
/* End PBXFrameworksBuildPhase section */

/* Begin PBXGroup section */
		4D11B48E1BB98D5A00F69263 /* About Me */ = {
			isa = PBXGroup;
			children = (
				4DEB82691BB8CE7D00F761C4 /* AboutMeViewController.swift */,
				4D6DCB981BB8F84A0018B0FF /* AboutMeDetailsTableViewController.swift */,
				4D6DCB9A1BB8FBDD0018B0FF /* AboutMeDetailTableViewCell.swift */,
			);
			name = "About Me";
			sourceTree = "<group>";
		};
		4D6DCB9C1BB8FC180018B0FF /* Models */ = {
			isa = PBXGroup;
			children = (
				4D6DCB9D1BB8FC4D0018B0FF /* AboutMeDetail.swift */,
				4D6DCBA11BB8FE1F0018B0FF /* ContactDetail.swift */,
				4D7484ED1BB91246005C4A90 /* RepositoryDetail.swift */,
				4D76A7971BB97399000734DC /* AboutMeDetailAction.swift */,
			);
			name = Models;
			sourceTree = "<group>";
		};
		4D7484E81BB90E8A005C4A90 /* Providers */ = {
			isa = PBXGroup;
			children = (
				4D7484E91BB90EA9005C4A90 /* RepositoryProvider.swift */,
				4D7484EB1BB91025005C4A90 /* ContactDetailsProvider.swift */,
				4D7484EF1BB91A2F005C4A90 /* ConcreteRepositoryProvider.swift */,
				4D7484F11BB91A87005C4A90 /* ConcreteContactDetailsProvider.swift */,
			);
			name = Providers;
			sourceTree = "<group>";
		};
		4DEB82481BB8CD0800F761C4 = {
			isa = PBXGroup;
			children = (
				4DEB82531BB8CD0900F761C4 /* Portfolio */,
				4DEB82521BB8CD0900F761C4 /* Products */,
				C3350CC635C882AF2BFE0425 /* Pods */,
				BD123ABBFBF1A4EEED909FAB /* Frameworks */,
			);
			sourceTree = "<group>";
		};
		4DEB82521BB8CD0900F761C4 /* Products */ = {
			isa = PBXGroup;
			children = (
				4DEB82511BB8CD0900F761C4 /* Portfolio.app */,
			);
			name = Products;
			sourceTree = "<group>";
		};
		4DEB82531BB8CD0900F761C4 /* Portfolio */ = {
			isa = PBXGroup;
			children = (
				4D7484E81BB90E8A005C4A90 /* Providers */,
				4D6DCB9C1BB8FC180018B0FF /* Models */,
				4DEB82681BB8CE5200F761C4 /* Controllers */,
				4DEB82541BB8CD0900F761C4 /* AppDelegate.swift */,
				4DEB825A1BB8CD0900F761C4 /* Main.storyboard */,
				4DEB825D1BB8CD0900F761C4 /* Assets.xcassets */,
				4DEB825F1BB8CD0900F761C4 /* LaunchScreen.storyboard */,
				4DEB82621BB8CD0900F761C4 /* Info.plist */,
			);
			path = Portfolio;
			sourceTree = "<group>";
		};
		4DEB82681BB8CE5200F761C4 /* Controllers */ = {
			isa = PBXGroup;
			children = (
				4D11B48E1BB98D5A00F69263 /* About Me */,
			);
			name = Controllers;
			sourceTree = "<group>";
		};
		BD123ABBFBF1A4EEED909FAB /* Frameworks */ = {
			isa = PBXGroup;
			children = (
				9B458A350C4095E1364BCE25 /* Pods_Portfolio.framework */,
			);
			name = Frameworks;
			sourceTree = "<group>";
		};
		C3350CC635C882AF2BFE0425 /* Pods */ = {
			isa = PBXGroup;
			children = (
				5847692BB606E3B6A4183D5B /* Pods-Portfolio.debug.xcconfig */,
				0F8889FC7928F8DCD3D6B807 /* Pods-Portfolio.release.xcconfig */,
			);
			name = Pods;
			sourceTree = "<group>";
		};
/* End PBXGroup section */

/* Begin PBXNativeTarget section */
		4DEB82501BB8CD0900F761C4 /* Portfolio */ = {
			isa = PBXNativeTarget;
			buildConfigurationList = 4DEB82651BB8CD0900F761C4 /* Build configuration list for PBXNativeTarget "Portfolio" */;
			buildPhases = (
				32AF65CE123557F199B9B18C /* Check Pods Manifest.lock */,
				4DEB824D1BB8CD0900F761C4 /* Sources */,
				4DEB824E1BB8CD0900F761C4 /* Frameworks */,
				4DEB824F1BB8CD0900F761C4 /* Resources */,
				9F52917B30E7255ED6CC13EB /* Copy Pods Resources */,
				62E287C552595ADF205F86D7 /* Embed Pods Frameworks */,
			);
			buildRules = (
			);
			dependencies = (
			);
			name = Portfolio;
			productName = Portfolio;
			productReference = 4DEB82511BB8CD0900F761C4 /* Portfolio.app */;
			productType = "com.apple.product-type.application";
		};
/* End PBXNativeTarget section */

/* Begin PBXProject section */
		4DEB82491BB8CD0800F761C4 /* Project object */ = {
			isa = PBXProject;
			attributes = {
				LastUpgradeCheck = 0700;
				ORGANIZATIONNAME = "Raymond Brion";
				TargetAttributes = {
					4DEB82501BB8CD0900F761C4 = {
						CreatedOnToolsVersion = 7.0;
					};
				};
			};
			buildConfigurationList = 4DEB824C1BB8CD0800F761C4 /* Build configuration list for PBXProject "Portfolio" */;
			compatibilityVersion = "Xcode 3.2";
			developmentRegion = English;
			hasScannedForEncodings = 0;
			knownRegions = (
				en,
				Base,
			);
			mainGroup = 4DEB82481BB8CD0800F761C4;
			productRefGroup = 4DEB82521BB8CD0900F761C4 /* Products */;
			projectDirPath = "";
			projectRoot = "";
			targets = (
				4DEB82501BB8CD0900F761C4 /* Portfolio */,
			);
		};
/* End PBXProject section */

/* Begin PBXResourcesBuildPhase section */
		4DEB824F1BB8CD0900F761C4 /* Resources */ = {
			isa = PBXResourcesBuildPhase;
			buildActionMask = 2147483647;
			files = (
				4DEB82611BB8CD0900F761C4 /* LaunchScreen.storyboard in Resources */,
				4DEB825E1BB8CD0900F761C4 /* Assets.xcassets in Resources */,
				4DEB825C1BB8CD0900F761C4 /* Main.storyboard in Resources */,
			);
			runOnlyForDeploymentPostprocessing = 0;
		};
/* End PBXResourcesBuildPhase section */

/* Begin PBXShellScriptBuildPhase section */
		32AF65CE123557F199B9B18C /* Check Pods Manifest.lock */ = {
			isa = PBXShellScriptBuildPhase;
			buildActionMask = 2147483647;
			files = (
			);
			inputPaths = (
			);
			name = "Check Pods Manifest.lock";
			outputPaths = (
			);
			runOnlyForDeploymentPostprocessing = 0;
			shellPath = /bin/sh;
			shellScript = "diff \"${PODS_ROOT}/../Podfile.lock\" \"${PODS_ROOT}/Manifest.lock\" > /dev/null\nif [[ $? != 0 ]] ; then\n    cat << EOM\nerror: The sandbox is not in sync with the Podfile.lock. Run 'pod install' or update your CocoaPods installation.\nEOM\n    exit 1\nfi\n";
			showEnvVarsInLog = 0;
		};
		62E287C552595ADF205F86D7 /* Embed Pods Frameworks */ = {
			isa = PBXShellScriptBuildPhase;
			buildActionMask = 2147483647;
			files = (
			);
			inputPaths = (
			);
			name = "Embed Pods Frameworks";
			outputPaths = (
			);
			runOnlyForDeploymentPostprocessing = 0;
			shellPath = /bin/sh;
			shellScript = "\"${SRCROOT}/Pods/Target Support Files/Pods-Portfolio/Pods-Portfolio-frameworks.sh\"\n";
			showEnvVarsInLog = 0;
		};
		9F52917B30E7255ED6CC13EB /* Copy Pods Resources */ = {
			isa = PBXShellScriptBuildPhase;
			buildActionMask = 2147483647;
			files = (
			);
			inputPaths = (
			);
			name = "Copy Pods Resources";
			outputPaths = (
			);
			runOnlyForDeploymentPostprocessing = 0;
			shellPath = /bin/sh;
			shellScript = "\"${SRCROOT}/Pods/Target Support Files/Pods-Portfolio/Pods-Portfolio-resources.sh\"\n";
			showEnvVarsInLog = 0;
		};
/* End PBXShellScriptBuildPhase section */

/* Begin PBXSourcesBuildPhase section */
		4DEB824D1BB8CD0900F761C4 /* Sources */ = {
			isa = PBXSourcesBuildPhase;
			buildActionMask = 2147483647;
			files = (
				4D7484F01BB91A2F005C4A90 /* ConcreteRepositoryProvider.swift in Sources */,
				4D6DCB9B1BB8FBDD0018B0FF /* AboutMeDetailTableViewCell.swift in Sources */,
				4D76A7981BB97399000734DC /* AboutMeDetailAction.swift in Sources */,
				4D7484EE1BB91246005C4A90 /* RepositoryDetail.swift in Sources */,
				4D6DCBA21BB8FE1F0018B0FF /* ContactDetail.swift in Sources */,
				4DEB82551BB8CD0900F761C4 /* AppDelegate.swift in Sources */,
				4D6DCB9E1BB8FC4D0018B0FF /* AboutMeDetail.swift in Sources */,
				4D7484F21BB91A87005C4A90 /* ConcreteContactDetailsProvider.swift in Sources */,
				4D6DCB991BB8F84A0018B0FF /* AboutMeDetailsTableViewController.swift in Sources */,
				4DEB826A1BB8CE7D00F761C4 /* AboutMeViewController.swift in Sources */,
				4D7484EA1BB90EA9005C4A90 /* RepositoryProvider.swift in Sources */,
				4D7484EC1BB91025005C4A90 /* ContactDetailsProvider.swift in Sources */,
			);
			runOnlyForDeploymentPostprocessing = 0;
		};
/* End PBXSourcesBuildPhase section */

/* Begin PBXVariantGroup section */
		4DEB825A1BB8CD0900F761C4 /* Main.storyboard */ = {
			isa = PBXVariantGroup;
			children = (
				4DEB825B1BB8CD0900F761C4 /* Base */,
			);
			name = Main.storyboard;
			sourceTree = "<group>";
		};
		4DEB825F1BB8CD0900F761C4 /* LaunchScreen.storyboard */ = {
			isa = PBXVariantGroup;
			children = (
				4DEB82601BB8CD0900F761C4 /* Base */,
			);
			name = LaunchScreen.storyboard;
			sourceTree = "<group>";
		};
/* End PBXVariantGroup section */

/* Begin XCBuildConfiguration section */
		4DEB82631BB8CD0900F761C4 /* Debug */ = {
			isa = XCBuildConfiguration;
			buildSettings = {
				ALWAYS_SEARCH_USER_PATHS = NO;
				CLANG_CXX_LANGUAGE_STANDARD = "gnu++0x";
				CLANG_CXX_LIBRARY = "libc++";
				CLANG_ENABLE_MODULES = YES;
				CLANG_ENABLE_OBJC_ARC = YES;
				CLANG_WARN_BOOL_CONVERSION = YES;
				CLANG_WARN_CONSTANT_CONVERSION = YES;
				CLANG_WARN_DIRECT_OBJC_ISA_USAGE = YES_ERROR;
				CLANG_WARN_EMPTY_BODY = YES;
				CLANG_WARN_ENUM_CONVERSION = YES;
				CLANG_WARN_INT_CONVERSION = YES;
				CLANG_WARN_OBJC_ROOT_CLASS = YES_ERROR;
				CLANG_WARN_UNREACHABLE_CODE = YES;
				CLANG_WARN__DUPLICATE_METHOD_MATCH = YES;
				"CODE_SIGN_IDENTITY[sdk=iphoneos*]" = "iPhone Developer";
				COPY_PHASE_STRIP = NO;
				DEBUG_INFORMATION_FORMAT = dwarf;
				ENABLE_STRICT_OBJC_MSGSEND = YES;
				ENABLE_TESTABILITY = YES;
				GCC_C_LANGUAGE_STANDARD = gnu99;
				GCC_DYNAMIC_NO_PIC = NO;
				GCC_NO_COMMON_BLOCKS = YES;
				GCC_OPTIMIZATION_LEVEL = 0;
				GCC_PREPROCESSOR_DEFINITIONS = (
					"DEBUG=1",
					"$(inherited)",
				);
				GCC_WARN_64_TO_32_BIT_CONVERSION = YES;
				GCC_WARN_ABOUT_RETURN_TYPE = YES_ERROR;
				GCC_WARN_UNDECLARED_SELECTOR = YES;
				GCC_WARN_UNINITIALIZED_AUTOS = YES_AGGRESSIVE;
				GCC_WARN_UNUSED_FUNCTION = YES;
				GCC_WARN_UNUSED_VARIABLE = YES;
				IPHONEOS_DEPLOYMENT_TARGET = 9.0;
				MTL_ENABLE_DEBUG_INFO = YES;
				ONLY_ACTIVE_ARCH = YES;
				SDKROOT = iphoneos;
				SWIFT_OPTIMIZATION_LEVEL = "-Onone";
			};
			name = Debug;
		};
		4DEB82641BB8CD0900F761C4 /* Release */ = {
			isa = XCBuildConfiguration;
			buildSettings = {
				ALWAYS_SEARCH_USER_PATHS = NO;
				CLANG_CXX_LANGUAGE_STANDARD = "gnu++0x";
				CLANG_CXX_LIBRARY = "libc++";
				CLANG_ENABLE_MODULES = YES;
				CLANG_ENABLE_OBJC_ARC = YES;
				CLANG_WARN_BOOL_CONVERSION = YES;
				CLANG_WARN_CONSTANT_CONVERSION = YES;
				CLANG_WARN_DIRECT_OBJC_ISA_USAGE = YES_ERROR;
				CLANG_WARN_EMPTY_BODY = YES;
				CLANG_WARN_ENUM_CONVERSION = YES;
				CLANG_WARN_INT_CONVERSION = YES;
				CLANG_WARN_OBJC_ROOT_CLASS = YES_ERROR;
				CLANG_WARN_UNREACHABLE_CODE = YES;
				CLANG_WARN__DUPLICATE_METHOD_MATCH = YES;
				"CODE_SIGN_IDENTITY[sdk=iphoneos*]" = "iPhone Developer";
				COPY_PHASE_STRIP = NO;
				DEBUG_INFORMATION_FORMAT = "dwarf-with-dsym";
				ENABLE_NS_ASSERTIONS = NO;
				ENABLE_STRICT_OBJC_MSGSEND = YES;
				GCC_C_LANGUAGE_STANDARD = gnu99;
				GCC_NO_COMMON_BLOCKS = YES;
				GCC_WARN_64_TO_32_BIT_CONVERSION = YES;
				GCC_WARN_ABOUT_RETURN_TYPE = YES_ERROR;
				GCC_WARN_UNDECLARED_SELECTOR = YES;
				GCC_WARN_UNINITIALIZED_AUTOS = YES_AGGRESSIVE;
				GCC_WARN_UNUSED_FUNCTION = YES;
				GCC_WARN_UNUSED_VARIABLE = YES;
				IPHONEOS_DEPLOYMENT_TARGET = 9.0;
				MTL_ENABLE_DEBUG_INFO = NO;
				SDKROOT = iphoneos;
				VALIDATE_PRODUCT = YES;
			};
			name = Release;
		};
		4DEB82661BB8CD0900F761C4 /* Debug */ = {
			isa = XCBuildConfiguration;
			baseConfigurationReference = 5847692BB606E3B6A4183D5B /* Pods-Portfolio.debug.xcconfig */;
			buildSettings = {
				ASSETCATALOG_COMPILER_APPICON_NAME = AppIcon;
				INFOPLIST_FILE = Portfolio/Info.plist;
				LD_RUNPATH_SEARCH_PATHS = "$(inherited) @executable_path/Frameworks";
				PRODUCT_BUNDLE_IDENTIFIER = com.brion.raymond.Portfolio;
				PRODUCT_NAME = "$(TARGET_NAME)";
			};
			name = Debug;
		};
		4DEB82671BB8CD0900F761C4 /* Release */ = {
			isa = XCBuildConfiguration;
			baseConfigurationReference = 0F8889FC7928F8DCD3D6B807 /* Pods-Portfolio.release.xcconfig */;
			buildSettings = {
				ASSETCATALOG_COMPILER_APPICON_NAME = AppIcon;
				INFOPLIST_FILE = Portfolio/Info.plist;
				LD_RUNPATH_SEARCH_PATHS = "$(inherited) @executable_path/Frameworks";
				PRODUCT_BUNDLE_IDENTIFIER = com.brion.raymond.Portfolio;
				PRODUCT_NAME = "$(TARGET_NAME)";
			};
			name = Release;
		};
/* End XCBuildConfiguration section */

/* Begin XCConfigurationList section */
		4DEB824C1BB8CD0800F761C4 /* Build configuration list for PBXProject "Portfolio" */ = {
			isa = XCConfigurationList;
			buildConfigurations = (
				4DEB82631BB8CD0900F761C4 /* Debug */,
				4DEB82641BB8CD0900F761C4 /* Release */,
			);
			defaultConfigurationIsVisible = 0;
			defaultConfigurationName = Release;
		};
		4DEB82651BB8CD0900F761C4 /* Build configuration list for PBXNativeTarget "Portfolio" */ = {
			isa = XCConfigurationList;
			buildConfigurations = (
				4DEB82661BB8CD0900F761C4 /* Debug */,
				4DEB82671BB8CD0900F761C4 /* Release */,
			);
			defaultConfigurationIsVisible = 0;
			defaultConfigurationName = Release;
		};
/* End XCConfigurationList section */
	};
	rootObject = 4DEB82491BB8CD0800F761C4 /* Project object */;
}
